// !$*UTF8*$!
{
	archiveVersion = 1;
	classes = {
	};
	objectVersion = 51;
	objects = {

/* Begin PBXBuildFile section */
		188CF1B6F7AB26EF97728FFF /* Pods_Parstagram_ParstagramUITests.framework in Frameworks */ = {isa = PBXBuildFile; fileRef = EE55B85D7909D977625F9803 /* Pods_Parstagram_ParstagramUITests.framework */; };
		6C15F934EE44CDF25A9B72E1 /* Pods_Parstagram.framework in Frameworks */ = {isa = PBXBuildFile; fileRef = 0B8EC1F285CB7C29423E44CA /* Pods_Parstagram.framework */; };
		836BD4C52415A76B008926F8 /* commentCell.swift in Sources */ = {isa = PBXBuildFile; fileRef = 836BD4C42415A76B008926F8 /* commentCell.swift */; };
		83B382EF240F124700E51012 /* AppDelegate.swift in Sources */ = {isa = PBXBuildFile; fileRef = 83B382EE240F124700E51012 /* AppDelegate.swift */; };
		83B382F1240F124700E51012 /* SceneDelegate.swift in Sources */ = {isa = PBXBuildFile; fileRef = 83B382F0240F124700E51012 /* SceneDelegate.swift */; };
		83B382F6240F124700E51012 /* Main.storyboard in Resources */ = {isa = PBXBuildFile; fileRef = 83B382F4240F124700E51012 /* Main.storyboard */; };
		83B382F8240F124D00E51012 /* Assets.xcassets in Resources */ = {isa = PBXBuildFile; fileRef = 83B382F7240F124D00E51012 /* Assets.xcassets */; };
		83B382FB240F124D00E51012 /* LaunchScreen.storyboard in Resources */ = {isa = PBXBuildFile; fileRef = 83B382F9240F124D00E51012 /* LaunchScreen.storyboard */; };
		83B38306240F124E00E51012 /* ParstagramTests.swift in Sources */ = {isa = PBXBuildFile; fileRef = 83B38305240F124E00E51012 /* ParstagramTests.swift */; };
		83B38311240F124E00E51012 /* ParstagramUITests.swift in Sources */ = {isa = PBXBuildFile; fileRef = 83B38310240F124E00E51012 /* ParstagramUITests.swift */; };
		83B3831F240F2C0000E51012 /* loginViewController.swift in Sources */ = {isa = PBXBuildFile; fileRef = 83B3831E240F2C0000E51012 /* loginViewController.swift */; };
		83B38321240F2C0B00E51012 /* feedViewController.swift in Sources */ = {isa = PBXBuildFile; fileRef = 83B38320240F2C0B00E51012 /* feedViewController.swift */; };
		83B38323240F388800E51012 /* cameraViewController.swift in Sources */ = {isa = PBXBuildFile; fileRef = 83B38322240F388800E51012 /* cameraViewController.swift */; };
		83B38325240F558F00E51012 /* postCell.swift in Sources */ = {isa = PBXBuildFile; fileRef = 83B38324240F558F00E51012 /* postCell.swift */; };
		D5B1FAAAF225A137C9528ECA /* Pods_ParstagramTests.framework in Frameworks */ = {isa = PBXBuildFile; fileRef = D113861B35DD42571FD5B71C /* Pods_ParstagramTests.framework */; };
/* End PBXBuildFile section */

/* Begin PBXContainerItemProxy section */
		83B38302240F124E00E51012 /* PBXContainerItemProxy */ = {
			isa = PBXContainerItemProxy;
			containerPortal = 83B382E3240F124700E51012 /* Project object */;
			proxyType = 1;
			remoteGlobalIDString = 83B382EA240F124700E51012;
			remoteInfo = Parstagram;
		};
		83B3830D240F124E00E51012 /* PBXContainerItemProxy */ = {
			isa = PBXContainerItemProxy;
			containerPortal = 83B382E3240F124700E51012 /* Project object */;
			proxyType = 1;
			remoteGlobalIDString = 83B382EA240F124700E51012;
			remoteInfo = Parstagram;
		};
/* End PBXContainerItemProxy section */

/* Begin PBXFileReference section */
		0B8EC1F285CB7C29423E44CA /* Pods_Parstagram.framework */ = {isa = PBXFileReference; explicitFileType = wrapper.framework; includeInIndex = 0; path = Pods_Parstagram.framework; sourceTree = BUILT_PRODUCTS_DIR; };
		2FE65A3F228E8C5C848517BF /* Pods-Parstagram.release.xcconfig */ = {isa = PBXFileReference; includeInIndex = 1; lastKnownFileType = text.xcconfig; name = "Pods-Parstagram.release.xcconfig"; path = "Target Support Files/Pods-Parstagram/Pods-Parstagram.release.xcconfig"; sourceTree = "<group>"; };
		3569B6AEA1EABEE8E68C24FB /* Pods-Parstagram-ParstagramUITests.debug.xcconfig */ = {isa = PBXFileReference; includeInIndex = 1; lastKnownFileType = text.xcconfig; name = "Pods-Parstagram-ParstagramUITests.debug.xcconfig"; path = "Target Support Files/Pods-Parstagram-ParstagramUITests/Pods-Parstagram-ParstagramUITests.debug.xcconfig"; sourceTree = "<group>"; };
		41F8BD50AB0CD37F8259EA6E /* Pods-Parstagram.debug.xcconfig */ = {isa = PBXFileReference; includeInIndex = 1; lastKnownFileType = text.xcconfig; name = "Pods-Parstagram.debug.xcconfig"; path = "Target Support Files/Pods-Parstagram/Pods-Parstagram.debug.xcconfig"; sourceTree = "<group>"; };
		824572AD55CCDC96431F1ACA /* Pods-ParstagramTests.release.xcconfig */ = {isa = PBXFileReference; includeInIndex = 1; lastKnownFileType = text.xcconfig; name = "Pods-ParstagramTests.release.xcconfig"; path = "Target Support Files/Pods-ParstagramTests/Pods-ParstagramTests.release.xcconfig"; sourceTree = "<group>"; };
		836BD4C42415A76B008926F8 /* commentCell.swift */ = {isa = PBXFileReference; lastKnownFileType = sourcecode.swift; path = commentCell.swift; sourceTree = "<group>"; };
		83B382EB240F124700E51012 /* Parstagram.app */ = {isa = PBXFileReference; explicitFileType = wrapper.application; includeInIndex = 0; path = Parstagram.app; sourceTree = BUILT_PRODUCTS_DIR; };
		83B382EE240F124700E51012 /* AppDelegate.swift */ = {isa = PBXFileReference; lastKnownFileType = sourcecode.swift; path = AppDelegate.swift; sourceTree = "<group>"; };
		83B382F0240F124700E51012 /* SceneDelegate.swift */ = {isa = PBXFileReference; lastKnownFileType = sourcecode.swift; path = SceneDelegate.swift; sourceTree = "<group>"; };
		83B382F5240F124700E51012 /* Base */ = {isa = PBXFileReference; lastKnownFileType = file.storyboard; name = Base; path = Base.lproj/Main.storyboard; sourceTree = "<group>"; };
		83B382F7240F124D00E51012 /* Assets.xcassets */ = {isa = PBXFileReference; lastKnownFileType = folder.assetcatalog; path = Assets.xcassets; sourceTree = "<group>"; };
		83B382FA240F124D00E51012 /* Base */ = {isa = PBXFileReference; lastKnownFileType = file.storyboard; name = Base; path = Base.lproj/LaunchScreen.storyboard; sourceTree = "<group>"; };
		83B382FC240F124D00E51012 /* Info.plist */ = {isa = PBXFileReference; lastKnownFileType = text.plist.xml; path = Info.plist; sourceTree = "<group>"; };
		83B38301240F124E00E51012 /* ParstagramTests.xctest */ = {isa = PBXFileReference; explicitFileType = wrapper.cfbundle; includeInIndex = 0; path = ParstagramTests.xctest; sourceTree = BUILT_PRODUCTS_DIR; };
		83B38305240F124E00E51012 /* ParstagramTests.swift */ = {isa = PBXFileReference; lastKnownFileType = sourcecode.swift; path = ParstagramTests.swift; sourceTree = "<group>"; };
		83B38307240F124E00E51012 /* Info.plist */ = {isa = PBXFileReference; lastKnownFileType = text.plist.xml; path = Info.plist; sourceTree = "<group>"; };
		83B3830C240F124E00E51012 /* ParstagramUITests.xctest */ = {isa = PBXFileReference; explicitFileType = wrapper.cfbundle; includeInIndex = 0; path = ParstagramUITests.xctest; sourceTree = BUILT_PRODUCTS_DIR; };
		83B38310240F124E00E51012 /* ParstagramUITests.swift */ = {isa = PBXFileReference; lastKnownFileType = sourcecode.swift; path = ParstagramUITests.swift; sourceTree = "<group>"; };
		83B38312240F124E00E51012 /* Info.plist */ = {isa = PBXFileReference; lastKnownFileType = text.plist.xml; path = Info.plist; sourceTree = "<group>"; };
		83B3831E240F2C0000E51012 /* loginViewController.swift */ = {isa = PBXFileReference; lastKnownFileType = sourcecode.swift; path = loginViewController.swift; sourceTree = "<group>"; };
		83B38320240F2C0B00E51012 /* feedViewController.swift */ = {isa = PBXFileReference; lastKnownFileType = sourcecode.swift; path = feedViewController.swift; sourceTree = "<group>"; };
		83B38322240F388800E51012 /* cameraViewController.swift */ = {isa = PBXFileReference; lastKnownFileType = sourcecode.swift; path = cameraViewController.swift; sourceTree = "<group>"; };
		83B38324240F558F00E51012 /* postCell.swift */ = {isa = PBXFileReference; lastKnownFileType = sourcecode.swift; path = postCell.swift; sourceTree = "<group>"; };
		A2BF3B6146349C6AC49EBFE7 /* Pods-Parstagram-ParstagramUITests.release.xcconfig */ = {isa = PBXFileReference; includeInIndex = 1; lastKnownFileType = text.xcconfig; name = "Pods-Parstagram-ParstagramUITests.release.xcconfig"; path = "Target Support Files/Pods-Parstagram-ParstagramUITests/Pods-Parstagram-ParstagramUITests.release.xcconfig"; sourceTree = "<group>"; };
		D113861B35DD42571FD5B71C /* Pods_ParstagramTests.framework */ = {isa = PBXFileReference; explicitFileType = wrapper.framework; includeInIndex = 0; path = Pods_ParstagramTests.framework; sourceTree = BUILT_PRODUCTS_DIR; };
		E72F35E4B1B677738D53F04E /* Pods-ParstagramTests.debug.xcconfig */ = {isa = PBXFileReference; includeInIndex = 1; lastKnownFileType = text.xcconfig; name = "Pods-ParstagramTests.debug.xcconfig"; path = "Target Support Files/Pods-ParstagramTests/Pods-ParstagramTests.debug.xcconfig"; sourceTree = "<group>"; };
		EE55B85D7909D977625F9803 /* Pods_Parstagram_ParstagramUITests.framework */ = {isa = PBXFileReference; explicitFileType = wrapper.framework; includeInIndex = 0; path = Pods_Parstagram_ParstagramUITests.framework; sourceTree = BUILT_PRODUCTS_DIR; };
/* End PBXFileReference section */

/* Begin PBXFrameworksBuildPhase section */
		83B382E8240F124700E51012 /* Frameworks */ = {
			isa = PBXFrameworksBuildPhase;
			buildActionMask = 2147483647;
			files = (
				6C15F934EE44CDF25A9B72E1 /* Pods_Parstagram.framework in Frameworks */,
			);
			runOnlyForDeploymentPostprocessing = 0;
		};
		83B382FE240F124E00E51012 /* Frameworks */ = {
			isa = PBXFrameworksBuildPhase;
			buildActionMask = 2147483647;
			files = (
				D5B1FAAAF225A137C9528ECA /* Pods_ParstagramTests.framework in Frameworks */,
			);
			runOnlyForDeploymentPostprocessing = 0;
		};
		83B38309240F124E00E51012 /* Frameworks */ = {
			isa = PBXFrameworksBuildPhase;
			buildActionMask = 2147483647;
			files = (
				188CF1B6F7AB26EF97728FFF /* Pods_Parstagram_ParstagramUITests.framework in Frameworks */,
			);
			runOnlyForDeploymentPostprocessing = 0;
		};
/* End PBXFrameworksBuildPhase section */

/* Begin PBXGroup section */
		78815EE456FB94E625C30A7D /* Frameworks */ = {
			isa = PBXGroup;
			children = (
				0B8EC1F285CB7C29423E44CA /* Pods_Parstagram.framework */,
				EE55B85D7909D977625F9803 /* Pods_Parstagram_ParstagramUITests.framework */,
				D113861B35DD42571FD5B71C /* Pods_ParstagramTests.framework */,
			);
			name = Frameworks;
			sourceTree = "<group>";
		};
		83B382E2240F124700E51012 = {
			isa = PBXGroup;
			children = (
				83B382ED240F124700E51012 /* Parstagram */,
				83B38304240F124E00E51012 /* ParstagramTests */,
				83B3830F240F124E00E51012 /* ParstagramUITests */,
				83B382EC240F124700E51012 /* Products */,
				FD44E6FC674251E6C12B13A2 /* Pods */,
				78815EE456FB94E625C30A7D /* Frameworks */,
			);
			sourceTree = "<group>";
		};
		83B382EC240F124700E51012 /* Products */ = {
			isa = PBXGroup;
			children = (
				83B382EB240F124700E51012 /* Parstagram.app */,
				83B38301240F124E00E51012 /* ParstagramTests.xctest */,
				83B3830C240F124E00E51012 /* ParstagramUITests.xctest */,
			);
			name = Products;
			sourceTree = "<group>";
		};
		83B382ED240F124700E51012 /* Parstagram */ = {
			isa = PBXGroup;
			children = (
				83B382EE240F124700E51012 /* AppDelegate.swift */,
				83B382F0240F124700E51012 /* SceneDelegate.swift */,
				83B382F4240F124700E51012 /* Main.storyboard */,
				83B382F7240F124D00E51012 /* Assets.xcassets */,
				83B382F9240F124D00E51012 /* LaunchScreen.storyboard */,
				83B382FC240F124D00E51012 /* Info.plist */,
				83B3831E240F2C0000E51012 /* loginViewController.swift */,
				83B38320240F2C0B00E51012 /* feedViewController.swift */,
				83B38322240F388800E51012 /* cameraViewController.swift */,
				83B38324240F558F00E51012 /* postCell.swift */,
				836BD4C42415A76B008926F8 /* commentCell.swift */,
			);
			path = Parstagram;
			sourceTree = "<group>";
		};
		83B38304240F124E00E51012 /* ParstagramTests */ = {
			isa = PBXGroup;
			children = (
				83B38305240F124E00E51012 /* ParstagramTests.swift */,
				83B38307240F124E00E51012 /* Info.plist */,
			);
			path = ParstagramTests;
			sourceTree = "<group>";
		};
		83B3830F240F124E00E51012 /* ParstagramUITests */ = {
			isa = PBXGroup;
			children = (
				83B38310240F124E00E51012 /* ParstagramUITests.swift */,
				83B38312240F124E00E51012 /* Info.plist */,
			);
			path = ParstagramUITests;
			sourceTree = "<group>";
		};
		FD44E6FC674251E6C12B13A2 /* Pods */ = {
			isa = PBXGroup;
			children = (
				41F8BD50AB0CD37F8259EA6E /* Pods-Parstagram.debug.xcconfig */,
				2FE65A3F228E8C5C848517BF /* Pods-Parstagram.release.xcconfig */,
				3569B6AEA1EABEE8E68C24FB /* Pods-Parstagram-ParstagramUITests.debug.xcconfig */,
				A2BF3B6146349C6AC49EBFE7 /* Pods-Parstagram-ParstagramUITests.release.xcconfig */,
				E72F35E4B1B677738D53F04E /* Pods-ParstagramTests.debug.xcconfig */,
				824572AD55CCDC96431F1ACA /* Pods-ParstagramTests.release.xcconfig */,
			);
			path = Pods;
			sourceTree = "<group>";
		};
/* End PBXGroup section */

/* Begin PBXNativeTarget section */
		83B382EA240F124700E51012 /* Parstagram */ = {
			isa = PBXNativeTarget;
			buildConfigurationList = 83B38315240F124E00E51012 /* Build configuration list for PBXNativeTarget "Parstagram" */;
			buildPhases = (
				68C78786890CDE65A54F4810 /* [CP] Check Pods Manifest.lock */,
				83B382E7240F124700E51012 /* Sources */,
				83B382E8240F124700E51012 /* Frameworks */,
				83B382E9240F124700E51012 /* Resources */,
				2D93C3C2323E3542B2C17DB0 /* [CP] Embed Pods Frameworks */,
			);
			buildRules = (
			);
			dependencies = (
			);
			name = Parstagram;
			productName = Parstagram;
			productReference = 83B382EB240F124700E51012 /* Parstagram.app */;
			productType = "com.apple.product-type.application";
		};
		83B38300240F124E00E51012 /* ParstagramTests */ = {
			isa = PBXNativeTarget;
			buildConfigurationList = 83B38318240F124E00E51012 /* Build configuration list for PBXNativeTarget "ParstagramTests" */;
			buildPhases = (
				B157E98B1F7A22B1B18B6515 /* [CP] Check Pods Manifest.lock */,
				83B382FD240F124E00E51012 /* Sources */,
				83B382FE240F124E00E51012 /* Frameworks */,
				83B382FF240F124E00E51012 /* Resources */,
			);
			buildRules = (
			);
			dependencies = (
				83B38303240F124E00E51012 /* PBXTargetDependency */,
			);
			name = ParstagramTests;
			productName = ParstagramTests;
			productReference = 83B38301240F124E00E51012 /* ParstagramTests.xctest */;
			productType = "com.apple.product-type.bundle.unit-test";
		};
		83B3830B240F124E00E51012 /* ParstagramUITests */ = {
			isa = PBXNativeTarget;
			buildConfigurationList = 83B3831B240F124E00E51012 /* Build configuration list for PBXNativeTarget "ParstagramUITests" */;
			buildPhases = (
				8EA6B6CACF25D3661434044A /* [CP] Check Pods Manifest.lock */,
				83B38308240F124E00E51012 /* Sources */,
				83B38309240F124E00E51012 /* Frameworks */,
				83B3830A240F124E00E51012 /* Resources */,
				3B95517B48B070CDA5F136A6 /* [CP] Embed Pods Frameworks */,
			);
			buildRules = (
			);
			dependencies = (
				83B3830E240F124E00E51012 /* PBXTargetDependency */,
			);
			name = ParstagramUITests;
			productName = ParstagramUITests;
			productReference = 83B3830C240F124E00E51012 /* ParstagramUITests.xctest */;
			productType = "com.apple.product-type.bundle.ui-testing";
		};
/* End PBXNativeTarget section */

/* Begin PBXProject section */
		83B382E3240F124700E51012 /* Project object */ = {
			isa = PBXProject;
			attributes = {
				LastSwiftUpdateCheck = 1130;
				LastUpgradeCheck = 1130;
				ORGANIZATIONNAME = "Subomi Popoola";
				TargetAttributes = {
					83B382EA240F124700E51012 = {
						CreatedOnToolsVersion = 11.3.1;
					};
					83B38300240F124E00E51012 = {
						CreatedOnToolsVersion = 11.3.1;
						TestTargetID = 83B382EA240F124700E51012;
					};
					83B3830B240F124E00E51012 = {
						CreatedOnToolsVersion = 11.3.1;
						TestTargetID = 83B382EA240F124700E51012;
					};
				};
			};
			buildConfigurationList = 83B382E6240F124700E51012 /* Build configuration list for PBXProject "Parstagram" */;
			compatibilityVersion = "Xcode 9.3";
			developmentRegion = en;
			hasScannedForEncodings = 0;
			knownRegions = (
				en,
				Base,
			);
			mainGroup = 83B382E2240F124700E51012;
			productRefGroup = 83B382EC240F124700E51012 /* Products */;
			projectDirPath = "";
			projectRoot = "";
			targets = (
				83B382EA240F124700E51012 /* Parstagram */,
				83B38300240F124E00E51012 /* ParstagramTests */,
				83B3830B240F124E00E51012 /* ParstagramUITests */,
			);
		};
/* End PBXProject section */

/* Begin PBXResourcesBuildPhase section */
		83B382E9240F124700E51012 /* Resources */ = {
			isa = PBXResourcesBuildPhase;
			buildActionMask = 2147483647;
			files = (
				83B382FB240F124D00E51012 /* LaunchScreen.storyboard in Resources */,
				83B382F8240F124D00E51012 /* Assets.xcassets in Resources */,
				83B382F6240F124700E51012 /* Main.storyboard in Resources */,
			);
			runOnlyForDeploymentPostprocessing = 0;
		};
		83B382FF240F124E00E51012 /* Resources */ = {
			isa = PBXResourcesBuildPhase;
			buildActionMask = 2147483647;
			files = (
			);
			runOnlyForDeploymentPostprocessing = 0;
		};
		83B3830A240F124E00E51012 /* Resources */ = {
			isa = PBXResourcesBuildPhase;
			buildActionMask = 2147483647;
			files = (
			);
			runOnlyForDeploymentPostprocessing = 0;
		};
/* End PBXResourcesBuildPhase section */

/* Begin PBXShellScriptBuildPhase section */
		2D93C3C2323E3542B2C17DB0 /* [CP] Embed Pods Frameworks */ = {
			isa = PBXShellScriptBuildPhase;
			buildActionMask = 2147483647;
			files = (
			);
			inputFileListPaths = (
				"${PODS_ROOT}/Target Support Files/Pods-Parstagram/Pods-Parstagram-frameworks-${CONFIGURATION}-input-files.xcfilelist",
			);
			name = "[CP] Embed Pods Frameworks";
			outputFileListPaths = (
				"${PODS_ROOT}/Target Support Files/Pods-Parstagram/Pods-Parstagram-frameworks-${CONFIGURATION}-output-files.xcfilelist",
			);
			runOnlyForDeploymentPostprocessing = 0;
			shellPath = /bin/sh;
			shellScript = "\"${PODS_ROOT}/Target Support Files/Pods-Parstagram/Pods-Parstagram-frameworks.sh\"\n";
			showEnvVarsInLog = 0;
		};
		3B95517B48B070CDA5F136A6 /* [CP] Embed Pods Frameworks */ = {
			isa = PBXShellScriptBuildPhase;
			buildActionMask = 2147483647;
			files = (
			);
			inputFileListPaths = (
				"${PODS_ROOT}/Target Support Files/Pods-Parstagram-ParstagramUITests/Pods-Parstagram-ParstagramUITests-frameworks-${CONFIGURATION}-input-files.xcfilelist",
			);
			name = "[CP] Embed Pods Frameworks";
			outputFileListPaths = (
				"${PODS_ROOT}/Target Support Files/Pods-Parstagram-ParstagramUITests/Pods-Parstagram-ParstagramUITests-frameworks-${CONFIGURATION}-output-files.xcfilelist",
			);
			runOnlyForDeploymentPostprocessing = 0;
			shellPath = /bin/sh;
			shellScript = "\"${PODS_ROOT}/Target Support Files/Pods-Parstagram-ParstagramUITests/Pods-Parstagram-ParstagramUITests-frameworks.sh\"\n";
			showEnvVarsInLog = 0;
		};
		68C78786890CDE65A54F4810 /* [CP] Check Pods Manifest.lock */ = {
			isa = PBXShellScriptBuildPhase;
			buildActionMask = 2147483647;
			files = (
			);
			inputFileListPaths = (
			);
			inputPaths = (
				"${PODS_PODFILE_DIR_PATH}/Podfile.lock",
				"${PODS_ROOT}/Manifest.lock",
			);
			name = "[CP] Check Pods Manifest.lock";
			outputFileListPaths = (
			);
			outputPaths = (
				"$(DERIVED_FILE_DIR)/Pods-Parstagram-checkManifestLockResult.txt",
			);
			runOnlyForDeploymentPostprocessing = 0;
			shellPath = /bin/sh;
			shellScript = "diff \"${PODS_PODFILE_DIR_PATH}/Podfile.lock\" \"${PODS_ROOT}/Manifest.lock\" > /dev/null\nif [ $? != 0 ] ; then\n    # print error to STDERR\n    echo \"error: The sandbox is not in sync with the Podfile.lock. Run 'pod install' or update your CocoaPods installation.\" >&2\n    exit 1\nfi\n# This output is used by Xcode 'outputs' to avoid re-running this script phase.\necho \"SUCCESS\" > \"${SCRIPT_OUTPUT_FILE_0}\"\n";
			showEnvVarsInLog = 0;
		};
		8EA6B6CACF25D3661434044A /* [CP] Check Pods Manifest.lock */ = {
			isa = PBXShellScriptBuildPhase;
			buildActionMask = 2147483647;
			files = (
			);
			inputFileListPaths = (
			);
			inputPaths = (
				"${PODS_PODFILE_DIR_PATH}/Podfile.lock",
				"${PODS_ROOT}/Manifest.lock",
			);
			name = "[CP] Check Pods Manifest.lock";
			outputFileListPaths = (
			);
			outputPaths = (
				"$(DERIVED_FILE_DIR)/Pods-Parstagram-ParstagramUITests-checkManifestLockResult.txt",
			);
			runOnlyForDeploymentPostprocessing = 0;
			shellPath = /bin/sh;
			shellScript = "diff \"${PODS_PODFILE_DIR_PATH}/Podfile.lock\" \"${PODS_ROOT}/Manifest.lock\" > /dev/null\nif [ $? != 0 ] ; then\n    # print error to STDERR\n    echo \"error: The sandbox is not in sync with the Podfile.lock. Run 'pod install' or update your CocoaPods installation.\" >&2\n    exit 1\nfi\n# This output is used by Xcode 'outputs' to avoid re-running this script phase.\necho \"SUCCESS\" > \"${SCRIPT_OUTPUT_FILE_0}\"\n";
			showEnvVarsInLog = 0;
		};
		B157E98B1F7A22B1B18B6515 /* [CP] Check Pods Manifest.lock */ = {
			isa = PBXShellScriptBuildPhase;
			buildActionMask = 2147483647;
			files = (
			);
			inputFileListPaths = (
			);
			inputPaths = (
				"${PODS_PODFILE_DIR_PATH}/Podfile.lock",
				"${PODS_ROOT}/Manifest.lock",
			);
			name = "[CP] Check Pods Manifest.lock";
			outputFileListPaths = (
			);
			outputPaths = (
				"$(DERIVED_FILE_DIR)/Pods-ParstagramTests-checkManifestLockResult.txt",
			);
			runOnlyForDeploymentPostprocessing = 0;
			shellPath = /bin/sh;
			shellScript = "diff \"${PODS_PODFILE_DIR_PATH}/Podfile.lock\" \"${PODS_ROOT}/Manifest.lock\" > /dev/null\nif [ $? != 0 ] ; then\n    # print error to STDERR\n    echo \"error: The sandbox is not in sync with the Podfile.lock. Run 'pod install' or update your CocoaPods installation.\" >&2\n    exit 1\nfi\n# This output is used by Xcode 'outputs' to avoid re-running this script phase.\necho \"SUCCESS\" > \"${SCRIPT_OUTPUT_FILE_0}\"\n";
			showEnvVarsInLog = 0;
		};
/* End PBXShellScriptBuildPhase section */

/* Begin PBXSourcesBuildPhase section */
		83B382E7240F124700E51012 /* Sources */ = {
			isa = PBXSourcesBuildPhase;
			buildActionMask = 2147483647;
			files = (
				83B382EF240F124700E51012 /* AppDelegate.swift in Sources */,
				836BD4C52415A76B008926F8 /* commentCell.swift in Sources */,
				83B38325240F558F00E51012 /* postCell.swift in Sources */,
				83B382F1240F124700E51012 /* SceneDelegate.swift in Sources */,
				83B38323240F388800E51012 /* cameraViewController.swift in Sources */,
				83B38321240F2C0B00E51012 /* feedViewController.swift in Sources */,
				83B3831F240F2C0000E51012 /* loginViewController.swift in Sources */,
			);
			runOnlyForDeploymentPostprocessing = 0;
		};
		83B382FD240F124E00E51012 /* Sources */ = {
			isa = PBXSourcesBuildPhase;
			buildActionMask = 2147483647;
			files = (
				83B38306240F124E00E51012 /* ParstagramTests.swift in Sources */,
			);
			runOnlyForDeploymentPostprocessing = 0;
		};
		83B38308240F124E00E51012 /* Sources */ = {
			isa = PBXSourcesBuildPhase;
			buildActionMask = 2147483647;
			files = (
				83B38311240F124E00E51012 /* ParstagramUITests.swift in Sources */,
			);
			runOnlyForDeploymentPostprocessing = 0;
		};
/* End PBXSourcesBuildPhase section */

/* Begin PBXTargetDependency section */
		83B38303240F124E00E51012 /* PBXTargetDependency */ = {
			isa = PBXTargetDependency;
			target = 83B382EA240F124700E51012 /* Parstagram */;
			targetProxy = 83B38302240F124E00E51012 /* PBXContainerItemProxy */;
		};
		83B3830E240F124E00E51012 /* PBXTargetDependency */ = {
			isa = PBXTargetDependency;
			target = 83B382EA240F124700E51012 /* Parstagram */;
			targetProxy = 83B3830D240F124E00E51012 /* PBXContainerItemProxy */;
		};
/* End PBXTargetDependency section */

/* Begin PBXVariantGroup section */
		83B382F4240F124700E51012 /* Main.storyboard */ = {
			isa = PBXVariantGroup;
			children = (
				83B382F5240F124700E51012 /* Base */,
			);
			name = Main.storyboard;
			sourceTree = "<group>";
		};
		83B382F9240F124D00E51012 /* LaunchScreen.storyboard */ = {
			isa = PBXVariantGroup;
			children = (
				83B382FA240F124D00E51012 /* Base */,
			);
			name = LaunchScreen.storyboard;
			sourceTree = "<group>";
		};
/* End PBXVariantGroup section */

/* Begin XCBuildConfiguration section */
		83B38313240F124E00E51012 /* Debug */ = {
			isa = XCBuildConfiguration;
			buildSettings = {
				ALWAYS_SEARCH_USER_PATHS = NO;
				CLANG_ANALYZER_NONNULL = YES;
				CLANG_ANALYZER_NUMBER_OBJECT_CONVERSION = YES_AGGRESSIVE;
				CLANG_CXX_LANGUAGE_STANDARD = "gnu++14";
				CLANG_CXX_LIBRARY = "libc++";
				CLANG_ENABLE_MODULES = YES;
				CLANG_ENABLE_OBJC_ARC = YES;
				CLANG_ENABLE_OBJC_WEAK = YES;
				CLANG_WARN_BLOCK_CAPTURE_AUTORELEASING = YES;
				CLANG_WARN_BOOL_CONVERSION = YES;
				CLANG_WARN_COMMA = YES;
				CLANG_WARN_CONSTANT_CONVERSION = YES;
				CLANG_WARN_DEPRECATED_OBJC_IMPLEMENTATIONS = YES;
				CLANG_WARN_DIRECT_OBJC_ISA_USAGE = YES_ERROR;
				CLANG_WARN_DOCUMENTATION_COMMENTS = YES;
				CLANG_WARN_EMPTY_BODY = YES;
				CLANG_WARN_ENUM_CONVERSION = YES;
				CLANG_WARN_INFINITE_RECURSION = YES;
				CLANG_WARN_INT_CONVERSION = YES;
				CLANG_WARN_NON_LITERAL_NULL_CONVERSION = YES;
				CLANG_WARN_OBJC_IMPLICIT_RETAIN_SELF = YES;
				CLANG_WARN_OBJC_LITERAL_CONVERSION = YES;
				CLANG_WARN_OBJC_ROOT_CLASS = YES_ERROR;
				CLANG_WARN_RANGE_LOOP_ANALYSIS = YES;
				CLANG_WARN_STRICT_PROTOTYPES = YES;
				CLANG_WARN_SUSPICIOUS_MOVE = YES;
				CLANG_WARN_UNGUARDED_AVAILABILITY = YES_AGGRESSIVE;
				CLANG_WARN_UNREACHABLE_CODE = YES;
				CLANG_WARN__DUPLICATE_METHOD_MATCH = YES;
				COPY_PHASE_STRIP = NO;
				DEBUG_INFORMATION_FORMAT = dwarf;
				ENABLE_STRICT_OBJC_MSGSEND = YES;
				ENABLE_TESTABILITY = YES;
				GCC_C_LANGUAGE_STANDARD = gnu11;
				GCC_DYNAMIC_NO_PIC = NO;
				GCC_NO_COMMON_BLOCKS = YES;
				GCC_OPTIMIZATION_LEVEL = 0;
				GCC_PREPROCESSOR_DEFINITIONS = (
					"DEBUG=1",
					"$(inherited)",
				);
				GCC_WARN_64_TO_32_BIT_CONVERSION = YES;
				GCC_WARN_ABOUT_RETURN_TYPE = YES_ERROR;
				GCC_WARN_UNDECLARED_SELECTOR = YES;
				GCC_WARN_UNINITIALIZED_AUTOS = YES_AGGRESSIVE;
				GCC_WARN_UNUSED_FUNCTION = YES;
				GCC_WARN_UNUSED_VARIABLE = YES;
				IPHONEOS_DEPLOYMENT_TARGET = 13.2;
				MTL_ENABLE_DEBUG_INFO = INCLUDE_SOURCE;
				MTL_FAST_MATH = YES;
				ONLY_ACTIVE_ARCH = YES;
				SDKROOT = iphoneos;
				SWIFT_ACTIVE_COMPILATION_CONDITIONS = DEBUG;
				SWIFT_OPTIMIZATION_LEVEL = "-Onone";
			};
			name = Debug;
		};
		83B38314240F124E00E51012 /* Release */ = {
			isa = XCBuildConfiguration;
			buildSettings = {
				ALWAYS_SEARCH_USER_PATHS = NO;
				CLANG_ANALYZER_NONNULL = YES;
				CLANG_ANALYZER_NUMBER_OBJECT_CONVERSION = YES_AGGRESSIVE;
				CLANG_CXX_LANGUAGE_STANDARD = "gnu++14";
				CLANG_CXX_LIBRARY = "libc++";
				CLANG_ENABLE_MODULES = YES;
				CLANG_ENABLE_OBJC_ARC = YES;
				CLANG_ENABLE_OBJC_WEAK = YES;
				CLANG_WARN_BLOCK_CAPTURE_AUTORELEASING = YES;
				CLANG_WARN_BOOL_CONVERSION = YES;
				CLANG_WARN_COMMA = YES;
				CLANG_WARN_CONSTANT_CONVERSION = YES;
				CLANG_WARN_DEPRECATED_OBJC_IMPLEMENTATIONS = YES;
				CLANG_WARN_DIRECT_OBJC_ISA_USAGE = YES_ERROR;
				CLANG_WARN_DOCUMENTATION_COMMENTS = YES;
				CLANG_WARN_EMPTY_BODY = YES;
				CLANG_WARN_ENUM_CONVERSION = YES;
				CLANG_WARN_INFINITE_RECURSION = YES;
				CLANG_WARN_INT_CONVERSION = YES;
				CLANG_WARN_NON_LITERAL_NULL_CONVERSION = YES;
				CLANG_WARN_OBJC_IMPLICIT_RETAIN_SELF = YES;
				CLANG_WARN_OBJC_LITERAL_CONVERSION = YES;
				CLANG_WARN_OBJC_ROOT_CLASS = YES_ERROR;
				CLANG_WARN_RANGE_LOOP_ANALYSIS = YES;
				CLANG_WARN_STRICT_PROTOTYPES = YES;
				CLANG_WARN_SUSPICIOUS_MOVE = YES;
				CLANG_WARN_UNGUARDED_AVAILABILITY = YES_AGGRESSIVE;
				CLANG_WARN_UNREACHABLE_CODE = YES;
				CLANG_WARN__DUPLICATE_METHOD_MATCH = YES;
				COPY_PHASE_STRIP = NO;
				DEBUG_INFORMATION_FORMAT = "dwarf-with-dsym";
				ENABLE_NS_ASSERTIONS = NO;
				ENABLE_STRICT_OBJC_MSGSEND = YES;
				GCC_C_LANGUAGE_STANDARD = gnu11;
				GCC_NO_COMMON_BLOCKS = YES;
				GCC_WARN_64_TO_32_BIT_CONVERSION = YES;
				GCC_WARN_ABOUT_RETURN_TYPE = YES_ERROR;
				GCC_WARN_UNDECLARED_SELECTOR = YES;
				GCC_WARN_UNINITIALIZED_AUTOS = YES_AGGRESSIVE;
				GCC_WARN_UNUSED_FUNCTION = YES;
				GCC_WARN_UNUSED_VARIABLE = YES;
				IPHONEOS_DEPLOYMENT_TARGET = 13.2;
				MTL_ENABLE_DEBUG_INFO = NO;
				MTL_FAST_MATH = YES;
				SDKROOT = iphoneos;
				SWIFT_COMPILATION_MODE = wholemodule;
				SWIFT_OPTIMIZATION_LEVEL = "-O";
				VALIDATE_PRODUCT = YES;
			};
			name = Release;
		};
		83B38316240F124E00E51012 /* Debug */ = {
			isa = XCBuildConfiguration;
			baseConfigurationReference = 41F8BD50AB0CD37F8259EA6E /* Pods-Parstagram.debug.xcconfig */;
			buildSettings = {
				ASSETCATALOG_COMPILER_APPICON_NAME = AppIcon;
				CODE_SIGN_STYLE = Automatic;
				DEVELOPMENT_TEAM = 7DF23RMRWS;
				INFOPLIST_FILE = Parstagram/Info.plist;
				LD_RUNPATH_SEARCH_PATHS = (
					"$(inherited)",
					"@executable_path/Frameworks",
				);
				PRODUCT_BUNDLE_IDENTIFIER = codePath.Parstagram;
				PRODUCT_NAME = "$(TARGET_NAME)";
				SWIFT_VERSION = 5.0;
				TARGETED_DEVICE_FAMILY = "1,2";
			};
			name = Debug;
		};
		83B38317240F124E00E51012 /* Release */ = {
			isa = XCBuildConfiguration;
			baseConfigurationReference = 2FE65A3F228E8C5C848517BF /* Pods-Parstagram.release.xcconfig */;
			buildSettings = {
				ASSETCATALOG_COMPILER_APPICON_NAME = AppIcon;
				CODE_SIGN_STYLE = Automatic;
				DEVELOPMENT_TEAM = 7DF23RMRWS;
				INFOPLIST_FILE = Parstagram/Info.plist;
				LD_RUNPATH_SEARCH_PATHS = (
					"$(inherited)",
					"@executable_path/Frameworks",
				);
				PRODUCT_BUNDLE_IDENTIFIER = codePath.Parstagram;
				PRODUCT_NAME = "$(TARGET_NAME)";
				SWIFT_VERSION = 5.0;
				TARGETED_DEVICE_FAMILY = "1,2";
			};
			name = Release;
		};
		83B38319240F124E00E51012 /* Debug */ = {
			isa = XCBuildConfiguration;
			baseConfigurationReference = E72F35E4B1B677738D53F04E /* Pods-ParstagramTests.debug.xcconfig */;
			buildSettings = {
				ALWAYS_EMBED_SWIFT_STANDARD_LIBRARIES = YES;
				BUNDLE_LOADER = "$(TEST_HOST)";
				CODE_SIGN_STYLE = Automatic;
				DEVELOPMENT_TEAM = 7DF23RMRWS;
				INFOPLIST_FILE = ParstagramTests/Info.plist;
				IPHONEOS_DEPLOYMENT_TARGET = 13.2;
				LD_RUNPATH_SEARCH_PATHS = (
					"$(inherited)",
					"@executable_path/Frameworks",
					"@loader_path/Frameworks",
				);
				PRODUCT_BUNDLE_IDENTIFIER = codePath.ParstagramTests;
				PRODUCT_NAME = "$(TARGET_NAME)";
				SWIFT_VERSION = 5.0;
				TARGETED_DEVICE_FAMILY = "1,2";
				TEST_HOST = "$(BUILT_PRODUCTS_DIR)/Parstagram.app/Parstagram";
			};
			name = Debug;
		};
		83B3831A240F124E00E51012 /* Release */ = {
			isa = XCBuildConfiguration;
			baseConfigurationReference = 824572AD55CCDC96431F1ACA /* Pods-ParstagramTests.release.xcconfig */;
			buildSettings = {
				ALWAYS_EMBED_SWIFT_STANDARD_LIBRARIES = YES;
				BUNDLE_LOADER = "$(TEST_HOST)";
				CODE_SIGN_STYLE = Automatic;
				DEVELOPMENT_TEAM = 7DF23RMRWS;
				INFOPLIST_FILE = ParstagramTests/Info.plist;
				IPHONEOS_DEPLOYMENT_TARGET = 13.2;
				LD_RUNPATH_SEARCH_PATHS = (
					"$(inherited)",
					"@executable_path/Frameworks",
					"@loader_path/Frameworks",
				);
				PRODUCT_BUNDLE_IDENTIFIER = codePath.ParstagramTests;
				PRODUCT_NAME = "$(TARGET_NAME)";
				SWIFT_VERSION = 5.0;
				TARGETED_DEVICE_FAMILY = "1,2";
				TEST_HOST = "$(BUILT_PRODUCTS_DIR)/Parstagram.app/Parstagram";
			};
			name = Release;
		};
		83B3831C240F124E00E51012 /* Debug */ = {
			isa = XCBuildConfiguration;
			baseConfigurationReference = 3569B6AEA1EABEE8E68C24FB /* Pods-Parstagram-ParstagramUITests.debug.xcconfig */;
			buildSettings = {
				ALWAYS_EMBED_SWIFT_STANDARD_LIBRARIES = YES;
				CODE_SIGN_STYLE = Automatic;
				DEVELOPMENT_TEAM = 7DF23RMRWS;
				INFOPLIST_FILE = ParstagramUITests/Info.plist;
				LD_RUNPATH_SEARCH_PATHS = (
					"$(inherited)",
					"@executable_path/Frameworks",
					"@loader_path/Frameworks",
				);
				PRODUCT_BUNDLE_IDENTIFIER = codePath.ParstagramUITests;
				PRODUCT_NAME = "$(TARGET_NAME)";
				SWIFT_VERSION = 5.0;
				TARGETED_DEVICE_FAMILY = "1,2";
				TEST_TARGET_NAME = Parstagram;
			};
			name = Debug;
		};
		83B3831D240F124E00E51012 /* Release */ = {
			isa = XCBuildConfiguration;
			baseConfigurationReference = A2BF3B6146349C6AC49EBFE7 /* Pods-Parstagram-ParstagramUITests.release.xcconfig */;
			buildSettings = {
				ALWAYS_EMBED_SWIFT_STANDARD_LIBRARIES = YES;
				CODE_SIGN_STYLE = Automatic;
				DEVELOPMENT_TEAM = 7DF23RMRWS;
				INFOPLIST_FILE = ParstagramUITests/Info.plist;
				LD_RUNPATH_SEARCH_PATHS = (
					"$(inherited)",
					"@executable_path/Frameworks",
					"@loader_path/Frameworks",
				);
				PRODUCT_BUNDLE_IDENTIFIER = codePath.ParstagramUITests;
				PRODUCT_NAME = "$(TARGET_NAME)";
				SWIFT_VERSION = 5.0;
				TARGETED_DEVICE_FAMILY = "1,2";
				TEST_TARGET_NAME = Parstagram;
			};
			name = Release;
		};
/* End XCBuildConfiguration section */

/* Begin XCConfigurationList section */
		83B382E6240F124700E51012 /* Build configuration list for PBXProject "Parstagram" */ = {
			isa = XCConfigurationList;
			buildConfigurations = (
				83B38313240F124E00E51012 /* Debug */,
				83B38314240F124E00E51012 /* Release */,
			);
			defaultConfigurationIsVisible = 0;
			defaultConfigurationName = Release;
		};
		83B38315240F124E00E51012 /* Build configuration list for PBXNativeTarget "Parstagram" */ = {
			isa = XCConfigurationList;
			buildConfigurations = (
				83B38316240F124E00E51012 /* Debug */,
				83B38317240F124E00E51012 /* Release */,
			);
			defaultConfigurationIsVisible = 0;
			defaultConfigurationName = Release;
		};
		83B38318240F124E00E51012 /* Build configuration list for PBXNativeTarget "ParstagramTests" */ = {
			isa = XCConfigurationList;
			buildConfigurations = (
				83B38319240F124E00E51012 /* Debug */,
				83B3831A240F124E00E51012 /* Release */,
			);
			defaultConfigurationIsVisible = 0;
			defaultConfigurationName = Release;
		};
		83B3831B240F124E00E51012 /* Build configuration list for PBXNativeTarget "ParstagramUITests" */ = {
			isa = XCConfigurationList;
			buildConfigurations = (
				83B3831C240F124E00E51012 /* Debug */,
				83B3831D240F124E00E51012 /* Release */,
			);
			defaultConfigurationIsVisible = 0;
			defaultConfigurationName = Release;
		};
/* End XCConfigurationList section */
	};
	rootObject = 83B382E3240F124700E51012 /* Project object */;
}
